// !$*UTF8*$!
{
	archiveVersion = 1;
	classes = {
	};
	objectVersion = 46;
	objects = {

/* Begin PBXBuildFile section */
		383C86271EB0F0B60021F999 /* Settings+CoreDataClass.swift in Sources */ = {isa = PBXBuildFile; fileRef = 383C861F1EB0F0B60021F999 /* Settings+CoreDataClass.swift */; };
		383C86281EB0F0B60021F999 /* Settings+CoreDataProperties.swift in Sources */ = {isa = PBXBuildFile; fileRef = 383C86201EB0F0B60021F999 /* Settings+CoreDataProperties.swift */; };
		383C86291EB0F0B60021F999 /* User+CoreDataClass.swift in Sources */ = {isa = PBXBuildFile; fileRef = 383C86211EB0F0B60021F999 /* User+CoreDataClass.swift */; };
		383C862A1EB0F0B60021F999 /* User+CoreDataProperties.swift in Sources */ = {isa = PBXBuildFile; fileRef = 383C86221EB0F0B60021F999 /* User+CoreDataProperties.swift */; };
		383C862B1EB0F0B60021F999 /* ExtremeWeather+CoreDataClass.swift in Sources */ = {isa = PBXBuildFile; fileRef = 383C86231EB0F0B60021F999 /* ExtremeWeather+CoreDataClass.swift */; };
		383C862C1EB0F0B60021F999 /* ExtremeWeather+CoreDataProperties.swift in Sources */ = {isa = PBXBuildFile; fileRef = 383C86241EB0F0B60021F999 /* ExtremeWeather+CoreDataProperties.swift */; };
		383C862D1EB0F0B60021F999 /* City+CoreDataClass.swift in Sources */ = {isa = PBXBuildFile; fileRef = 383C86251EB0F0B60021F999 /* City+CoreDataClass.swift */; };
		383C862E1EB0F0B60021F999 /* City+CoreDataProperties.swift in Sources */ = {isa = PBXBuildFile; fileRef = 383C86261EB0F0B60021F999 /* City+CoreDataProperties.swift */; };
		383C86461EB0F76E0021F999 /* ExtremeWeatherModel.swift in Sources */ = {isa = PBXBuildFile; fileRef = 383C863F1EB0F76E0021F999 /* ExtremeWeatherModel.swift */; };
		383C86471EB0F76E0021F999 /* SettingsModel.swift in Sources */ = {isa = PBXBuildFile; fileRef = 383C86401EB0F76E0021F999 /* SettingsModel.swift */; };
		383C86491EB0F76E0021F999 /* UserModel.swift in Sources */ = {isa = PBXBuildFile; fileRef = 383C86421EB0F76E0021F999 /* UserModel.swift */; };
		383C864E1EB0F84B0021F999 /* CityModel.swift in Sources */ = {isa = PBXBuildFile; fileRef = 383C864D1EB0F84B0021F999 /* CityModel.swift */; };
		383C86521EB0F85F0021F999 /* Temperature.swift in Sources */ = {isa = PBXBuildFile; fileRef = 383C864F1EB0F85F0021F999 /* Temperature.swift */; };
		383C86531EB0F85F0021F999 /* Weather.swift in Sources */ = {isa = PBXBuildFile; fileRef = 383C86501EB0F85F0021F999 /* Weather.swift */; };
		383C86541EB0F85F0021F999 /* Wind.swift in Sources */ = {isa = PBXBuildFile; fileRef = 383C86511EB0F85F0021F999 /* Wind.swift */; };
		386DD2EB1EB758B0001FFAD3 /* OpenWeatherResponseHandler.swift in Sources */ = {isa = PBXBuildFile; fileRef = 386DD2EA1EB758B0001FFAD3 /* OpenWeatherResponseHandler.swift */; };
		38725E5E1EAF869100E2D2E3 /* AppDelegate.swift in Sources */ = {isa = PBXBuildFile; fileRef = 38725E5D1EAF869100E2D2E3 /* AppDelegate.swift */; };
		38725E601EAF869100E2D2E3 /* ViewController.swift in Sources */ = {isa = PBXBuildFile; fileRef = 38725E5F1EAF869100E2D2E3 /* ViewController.swift */; };
		38725E631EAF869100E2D2E3 /* Main.storyboard in Resources */ = {isa = PBXBuildFile; fileRef = 38725E611EAF869100E2D2E3 /* Main.storyboard */; };
		38725E681EAF869100E2D2E3 /* Assets.xcassets in Resources */ = {isa = PBXBuildFile; fileRef = 38725E671EAF869100E2D2E3 /* Assets.xcassets */; };
		38725E6B1EAF869100E2D2E3 /* LaunchScreen.storyboard in Resources */ = {isa = PBXBuildFile; fileRef = 38725E691EAF869100E2D2E3 /* LaunchScreen.storyboard */; };
		388634381EB31EA4002095E5 /* OpenWeatherURL.swift in Sources */ = {isa = PBXBuildFile; fileRef = 388634371EB31EA4002095E5 /* OpenWeatherURL.swift */; };
		3886343A1EB31F0F002095E5 /* WeatherParser.swift in Sources */ = {isa = PBXBuildFile; fileRef = 388634391EB31F0F002095E5 /* WeatherParser.swift */; };
		3886343C1EB31F7C002095E5 /* CurrentWeatherCustomCity.swift in Sources */ = {isa = PBXBuildFile; fileRef = 3886343B1EB31F7C002095E5 /* CurrentWeatherCustomCity.swift */; };
		38ADA5671EB08D9700C85A90 /* WeatherApp.xcdatamodeld in Sources */ = {isa = PBXBuildFile; fileRef = 38ADA5651EB08D9700C85A90 /* WeatherApp.xcdatamodeld */; };
		9809210140E30BB87F0646A8 /* Pods_WeatherApp.framework in Frameworks */ = {isa = PBXBuildFile; fileRef = 352A0C74F3CB37484C8018CA /* Pods_WeatherApp.framework */; };
/* End PBXBuildFile section */

/* Begin PBXFileReference section */
		352A0C74F3CB37484C8018CA /* Pods_WeatherApp.framework */ = {isa = PBXFileReference; explicitFileType = wrapper.framework; includeInIndex = 0; path = Pods_WeatherApp.framework; sourceTree = BUILT_PRODUCTS_DIR; };
		383C861F1EB0F0B60021F999 /* Settings+CoreDataClass.swift */ = {isa = PBXFileReference; fileEncoding = 4; lastKnownFileType = sourcecode.swift; name = "Settings+CoreDataClass.swift"; path = "Data/Database/Settings+CoreDataClass.swift"; sourceTree = "<group>"; };
		383C86201EB0F0B60021F999 /* Settings+CoreDataProperties.swift */ = {isa = PBXFileReference; fileEncoding = 4; lastKnownFileType = sourcecode.swift; name = "Settings+CoreDataProperties.swift"; path = "Data/Database/Settings+CoreDataProperties.swift"; sourceTree = "<group>"; };
		383C86211EB0F0B60021F999 /* User+CoreDataClass.swift */ = {isa = PBXFileReference; fileEncoding = 4; lastKnownFileType = sourcecode.swift; name = "User+CoreDataClass.swift"; path = "Data/Database/User+CoreDataClass.swift"; sourceTree = "<group>"; };
		383C86221EB0F0B60021F999 /* User+CoreDataProperties.swift */ = {isa = PBXFileReference; fileEncoding = 4; lastKnownFileType = sourcecode.swift; name = "User+CoreDataProperties.swift"; path = "Data/Database/User+CoreDataProperties.swift"; sourceTree = "<group>"; };
		383C86231EB0F0B60021F999 /* ExtremeWeather+CoreDataClass.swift */ = {isa = PBXFileReference; fileEncoding = 4; lastKnownFileType = sourcecode.swift; name = "ExtremeWeather+CoreDataClass.swift"; path = "Data/Database/ExtremeWeather+CoreDataClass.swift"; sourceTree = "<group>"; };
		383C86241EB0F0B60021F999 /* ExtremeWeather+CoreDataProperties.swift */ = {isa = PBXFileReference; fileEncoding = 4; lastKnownFileType = sourcecode.swift; name = "ExtremeWeather+CoreDataProperties.swift"; path = "Data/Database/ExtremeWeather+CoreDataProperties.swift"; sourceTree = "<group>"; };
		383C86251EB0F0B60021F999 /* City+CoreDataClass.swift */ = {isa = PBXFileReference; fileEncoding = 4; lastKnownFileType = sourcecode.swift; name = "City+CoreDataClass.swift"; path = "Data/Database/City+CoreDataClass.swift"; sourceTree = "<group>"; };
		383C86261EB0F0B60021F999 /* City+CoreDataProperties.swift */ = {isa = PBXFileReference; fileEncoding = 4; lastKnownFileType = sourcecode.swift; name = "City+CoreDataProperties.swift"; path = "Data/Database/City+CoreDataProperties.swift"; sourceTree = "<group>"; };
		383C863F1EB0F76E0021F999 /* ExtremeWeatherModel.swift */ = {isa = PBXFileReference; fileEncoding = 4; lastKnownFileType = sourcecode.swift; name = ExtremeWeatherModel.swift; path = Data/Model/ExtremeWeatherModel.swift; sourceTree = "<group>"; };
		383C86401EB0F76E0021F999 /* SettingsModel.swift */ = {isa = PBXFileReference; fileEncoding = 4; lastKnownFileType = sourcecode.swift; name = SettingsModel.swift; path = Data/Model/SettingsModel.swift; sourceTree = "<group>"; };
		383C86421EB0F76E0021F999 /* UserModel.swift */ = {isa = PBXFileReference; fileEncoding = 4; lastKnownFileType = sourcecode.swift; name = UserModel.swift; path = Data/Model/UserModel.swift; sourceTree = "<group>"; };
		383C864D1EB0F84B0021F999 /* CityModel.swift */ = {isa = PBXFileReference; fileEncoding = 4; lastKnownFileType = sourcecode.swift; name = CityModel.swift; path = Data/Model/CityModel.swift; sourceTree = "<group>"; };
		383C864F1EB0F85F0021F999 /* Temperature.swift */ = {isa = PBXFileReference; fileEncoding = 4; lastKnownFileType = sourcecode.swift; name = Temperature.swift; path = Data/Network/Temperature.swift; sourceTree = "<group>"; };
		383C86501EB0F85F0021F999 /* Weather.swift */ = {isa = PBXFileReference; fileEncoding = 4; lastKnownFileType = sourcecode.swift; name = Weather.swift; path = Data/Network/Weather.swift; sourceTree = "<group>"; };
		383C86511EB0F85F0021F999 /* Wind.swift */ = {isa = PBXFileReference; fileEncoding = 4; lastKnownFileType = sourcecode.swift; name = Wind.swift; path = Data/Network/Wind.swift; sourceTree = "<group>"; };
		386DD2EA1EB758B0001FFAD3 /* OpenWeatherResponseHandler.swift */ = {isa = PBXFileReference; fileEncoding = 4; lastKnownFileType = sourcecode.swift; name = OpenWeatherResponseHandler.swift; path = Business/Services/OpenWeatherResponseHandler.swift; sourceTree = "<group>"; };
		38725E5A1EAF869100E2D2E3 /* WeatherApp.app */ = {isa = PBXFileReference; explicitFileType = wrapper.application; includeInIndex = 0; path = WeatherApp.app; sourceTree = BUILT_PRODUCTS_DIR; };
		38725E5D1EAF869100E2D2E3 /* AppDelegate.swift */ = {isa = PBXFileReference; lastKnownFileType = sourcecode.swift; path = AppDelegate.swift; sourceTree = "<group>"; };
		38725E5F1EAF869100E2D2E3 /* ViewController.swift */ = {isa = PBXFileReference; lastKnownFileType = sourcecode.swift; path = ViewController.swift; sourceTree = "<group>"; };
		38725E621EAF869100E2D2E3 /* Base */ = {isa = PBXFileReference; lastKnownFileType = file.storyboard; name = Base; path = Base.lproj/Main.storyboard; sourceTree = "<group>"; };
		38725E671EAF869100E2D2E3 /* Assets.xcassets */ = {isa = PBXFileReference; lastKnownFileType = folder.assetcatalog; path = Assets.xcassets; sourceTree = "<group>"; };
		38725E6A1EAF869100E2D2E3 /* Base */ = {isa = PBXFileReference; lastKnownFileType = file.storyboard; name = Base; path = Base.lproj/LaunchScreen.storyboard; sourceTree = "<group>"; };
		38725E6C1EAF869100E2D2E3 /* Info.plist */ = {isa = PBXFileReference; lastKnownFileType = text.plist.xml; path = Info.plist; sourceTree = "<group>"; };
		388634371EB31EA4002095E5 /* OpenWeatherURL.swift */ = {isa = PBXFileReference; fileEncoding = 4; lastKnownFileType = sourcecode.swift; name = OpenWeatherURL.swift; path = Business/Services/OpenWeatherURL.swift; sourceTree = "<group>"; };
		388634391EB31F0F002095E5 /* WeatherParser.swift */ = {isa = PBXFileReference; fileEncoding = 4; lastKnownFileType = sourcecode.swift; name = WeatherParser.swift; path = Business/Services/WeatherParser.swift; sourceTree = "<group>"; };
		3886343B1EB31F7C002095E5 /* CurrentWeatherCustomCity.swift */ = {isa = PBXFileReference; fileEncoding = 4; lastKnownFileType = sourcecode.swift; name = CurrentWeatherCustomCity.swift; path = Business/WeatherCustomCity/CurrentWeatherCustomCity.swift; sourceTree = "<group>"; };
		38ADA5661EB08D9700C85A90 /* WeatherApp.xcdatamodel */ = {isa = PBXFileReference; lastKnownFileType = wrapper.xcdatamodel; path = WeatherApp.xcdatamodel; sourceTree = "<group>"; };
		3A6BAB02C25289912906CD09 /* Pods-WeatherApp.debug.xcconfig */ = {isa = PBXFileReference; includeInIndex = 1; lastKnownFileType = text.xcconfig; name = "Pods-WeatherApp.debug.xcconfig"; path = "Pods/Target Support Files/Pods-WeatherApp/Pods-WeatherApp.debug.xcconfig"; sourceTree = "<group>"; };
		C713E1036AF2F64545E2A004 /* Pods-WeatherApp.release.xcconfig */ = {isa = PBXFileReference; includeInIndex = 1; lastKnownFileType = text.xcconfig; name = "Pods-WeatherApp.release.xcconfig"; path = "Pods/Target Support Files/Pods-WeatherApp/Pods-WeatherApp.release.xcconfig"; sourceTree = "<group>"; };
/* End PBXFileReference section */

/* Begin PBXFrameworksBuildPhase section */
		38725E571EAF869100E2D2E3 /* Frameworks */ = {
			isa = PBXFrameworksBuildPhase;
			buildActionMask = 2147483647;
			files = (
				9809210140E30BB87F0646A8 /* Pods_WeatherApp.framework in Frameworks */,
			);
			runOnlyForDeploymentPostprocessing = 0;
		};
/* End PBXFrameworksBuildPhase section */

/* Begin PBXGroup section */
		1FA5CCB69CA918E96EA2C2D6 /* Frameworks */ = {
			isa = PBXGroup;
			children = (
				352A0C74F3CB37484C8018CA /* Pods_WeatherApp.framework */,
			);
			name = Frameworks;
			sourceTree = "<group>";
		};
		38725E511EAF869100E2D2E3 = {
			isa = PBXGroup;
			children = (
				38725E5C1EAF869100E2D2E3 /* WeatherApp */,
				38725E5B1EAF869100E2D2E3 /* Products */,
				5749F2D69FA558AFF82B915C /* Pods */,
				1FA5CCB69CA918E96EA2C2D6 /* Frameworks */,
			);
			sourceTree = "<group>";
		};
		38725E5B1EAF869100E2D2E3 /* Products */ = {
			isa = PBXGroup;
			children = (
				38725E5A1EAF869100E2D2E3 /* WeatherApp.app */,
			);
			name = Products;
			sourceTree = "<group>";
		};
		38725E5C1EAF869100E2D2E3 /* WeatherApp */ = {
			isa = PBXGroup;
			children = (
				38725E6C1EAF869100E2D2E3 /* Info.plist */,
				38725E5D1EAF869100E2D2E3 /* AppDelegate.swift */,
				38725E5F1EAF869100E2D2E3 /* ViewController.swift */,
				38725E671EAF869100E2D2E3 /* Assets.xcassets */,
				38C9A6C31EB0EBB60036BC2C /* Business */,
				38C9A6C51EB0EBDD0036BC2C /* Data */,
				38C9A6C91EB0EC010036BC2C /* Extensions */,
				38725E691EAF869100E2D2E3 /* LaunchScreen.storyboard */,
				38725E611EAF869100E2D2E3 /* Main.storyboard */,
				38C9A6CA1EB0EC1A0036BC2C /* Presentation */,
				38C9A6CE1EB0EC500036BC2C /* Protocols */,
				38ADA5651EB08D9700C85A90 /* WeatherApp.xcdatamodeld */,
			);
			path = WeatherApp;
			sourceTree = "<group>";
		};
		38C9A6C31EB0EBB60036BC2C /* Business */ = {
			isa = PBXGroup;
			children = (
				38FCA8CA1EB1C997005F6F0E /* WeatherCustomCity */,
				38FCA8DF1EB1CAA9005F6F0E /* BestWeatherCityList */,
				38FCA8DC1EB1CA85005F6F0E /* CityListCompareWeather */,
				38FCA8D91EB1CA55005F6F0E /* CityListWeather */,
				38FCA8D61EB1CA2F005F6F0E /* CityListForecast */,
				38FCA8D31EB1CA0D005F6F0E /* CustomNotifications */,
				38FCA8D01EB1C9EC005F6F0E /* NightMode */,
				38FCA8CD1EB1C9C2005F6F0E /* ForecastCustomCity */,
				38FCA8C71EB1C96F005F6F0E /* BadWeatherNotifications */,
				38FCA8C41EB1C93B005F6F0E /* CustomiseScreen */,
				38FCA8C11EB1C8EF005F6F0E /* WeatherPicture */,
				38FCA8BE1EB1C84F005F6F0E /* TemperatureConvertion */,
				38FCA8BB1EB1C805005F6F0E /* LocationForecastCheck */,
				38FCA8B81EB1C7D7005F6F0E /* LocationWeatherCheck */,
				38C9A6C41EB0EBCC0036BC2C /* Services */,
			);
			name = Business;
			sourceTree = "<group>";
		};
		38C9A6C41EB0EBCC0036BC2C /* Services */ = {
			isa = PBXGroup;
			children = (
				388634371EB31EA4002095E5 /* OpenWeatherURL.swift */,
				388634391EB31F0F002095E5 /* WeatherParser.swift */,
				386DD2EA1EB758B0001FFAD3 /* OpenWeatherResponseHandler.swift */,
			);
			name = Services;
			sourceTree = "<group>";
		};
		38C9A6C51EB0EBDD0036BC2C /* Data */ = {
			isa = PBXGroup;
			children = (
				38FCA8E01EB1CAAE005F6F0E /* BestWeatherCityList */,
				38FCA8DD1EB1CA8B005F6F0E /* CityListCompareWeather */,
				38FCA8DA1EB1CA59005F6F0E /* CityListWeather */,
				38FCA8D71EB1CA33005F6F0E /* CityListForecast */,
				38FCA8D41EB1CA12005F6F0E /* CustomNotifications */,
				38FCA8D11EB1C9F0005F6F0E /* NightMode */,
				38FCA8CE1EB1C9C8005F6F0E /* ForecastCustomCity */,
				38FCA8CB1EB1C99D005F6F0E /* WeatherCustomCity */,
				38FCA8C81EB1C975005F6F0E /* BadWeatherNotifications */,
				38FCA8C51EB1C941005F6F0E /* CustomiseScreen */,
				38FCA8C21EB1C8FD005F6F0E /* WeatherPicture */,
				38FCA8BF1EB1C895005F6F0E /* TemperatureConvertion */,
				38FCA8BC1EB1C810005F6F0E /* LocationForecastCheck */,
				38FCA8B91EB1C7E5005F6F0E /* LocationWeatherCheck */,
				38C9A6C81EB0EBEC0036BC2C /* Network */,
				38C9A6C71EB0EBE70036BC2C /* Model */,
				38C9A6C61EB0EBE20036BC2C /* Database */,
			);
			name = Data;
			sourceTree = "<group>";
		};
		38C9A6C61EB0EBE20036BC2C /* Database */ = {
			isa = PBXGroup;
			children = (
				383C861F1EB0F0B60021F999 /* Settings+CoreDataClass.swift */,
				383C86201EB0F0B60021F999 /* Settings+CoreDataProperties.swift */,
				383C86211EB0F0B60021F999 /* User+CoreDataClass.swift */,
				383C86221EB0F0B60021F999 /* User+CoreDataProperties.swift */,
				383C86231EB0F0B60021F999 /* ExtremeWeather+CoreDataClass.swift */,
				383C86241EB0F0B60021F999 /* ExtremeWeather+CoreDataProperties.swift */,
				383C86251EB0F0B60021F999 /* City+CoreDataClass.swift */,
				383C86261EB0F0B60021F999 /* City+CoreDataProperties.swift */,
			);
			name = Database;
			sourceTree = "<group>";
		};
		38C9A6C71EB0EBE70036BC2C /* Model */ = {
			isa = PBXGroup;
			children = (
				383C864D1EB0F84B0021F999 /* CityModel.swift */,
				383C863F1EB0F76E0021F999 /* ExtremeWeatherModel.swift */,
				383C86401EB0F76E0021F999 /* SettingsModel.swift */,
				383C86421EB0F76E0021F999 /* UserModel.swift */,
			);
			name = Model;
			sourceTree = "<group>";
		};
		38C9A6C81EB0EBEC0036BC2C /* Network */ = {
			isa = PBXGroup;
			children = (
				383C864F1EB0F85F0021F999 /* Temperature.swift */,
				383C86501EB0F85F0021F999 /* Weather.swift */,
				383C86511EB0F85F0021F999 /* Wind.swift */,
			);
			name = Network;
			sourceTree = "<group>";
		};
		38C9A6C91EB0EC010036BC2C /* Extensions */ = {
			isa = PBXGroup;
			children = (
			);
			name = Extensions;
			sourceTree = "<group>";
		};
		38C9A6CA1EB0EC1A0036BC2C /* Presentation */ = {
			isa = PBXGroup;
			children = (
				38FCA8E11EB1CAB4005F6F0E /* BestWeatherCityList */,
				38FCA8DE1EB1CA8F005F6F0E /* CityListCompareWeather */,
				38FCA8DB1EB1CA5F005F6F0E /* CityListWeather */,
				38FCA8D81EB1CA39005F6F0E /* CityListForecast */,
				38FCA8D51EB1CA16005F6F0E /* CustomNotifications */,
				38FCA8D21EB1C9F6005F6F0E /* NightMode */,
				38FCA8CF1EB1C9CD005F6F0E /* ForecastCustomCity */,
				38FCA8CC1EB1C9A4005F6F0E /* WeatherCustomCity */,
				38FCA8C91EB1C97A005F6F0E /* BadWeatherNotifications */,
				38FCA8C61EB1C946005F6F0E /* CustomiseScreen */,
				38FCA8C31EB1C907005F6F0E /* WeatherPicture */,
				38FCA8C01EB1C8A5005F6F0E /* TemperatureConvertion */,
				38FCA8BD1EB1C819005F6F0E /* LocationForecastCheck */,
				38FCA8BA1EB1C7F0005F6F0E /* LocationWeatherCheck */,
				38C9A6CD1EB0EC420036BC2C /* Xibs */,
				38C9A6CC1EB0EC330036BC2C /* ViewControllers */,
				38C9A6CB1EB0EC260036BC2C /* Screens */,
			);
			name = Presentation;
			sourceTree = "<group>";
		};
		38C9A6CB1EB0EC260036BC2C /* Screens */ = {
			isa = PBXGroup;
			children = (
			);
			name = Screens;
			sourceTree = "<group>";
		};
		38C9A6CC1EB0EC330036BC2C /* ViewControllers */ = {
			isa = PBXGroup;
			children = (
			);
			name = ViewControllers;
			sourceTree = "<group>";
		};
		38C9A6CD1EB0EC420036BC2C /* Xibs */ = {
			isa = PBXGroup;
			children = (
			);
			name = Xibs;
			sourceTree = "<group>";
		};
		38C9A6CE1EB0EC500036BC2C /* Protocols */ = {
			isa = PBXGroup;
			children = (
			);
			name = Protocols;
			sourceTree = "<group>";
		};
		38FCA8B81EB1C7D7005F6F0E /* LocationWeatherCheck */ = {
			isa = PBXGroup;
			children = (
			);
			name = LocationWeatherCheck;
			sourceTree = "<group>";
		};
		38FCA8B91EB1C7E5005F6F0E /* LocationWeatherCheck */ = {
			isa = PBXGroup;
			children = (
			);
			name = LocationWeatherCheck;
			sourceTree = "<group>";
		};
		38FCA8BA1EB1C7F0005F6F0E /* LocationWeatherCheck */ = {
			isa = PBXGroup;
			children = (
			);
			name = LocationWeatherCheck;
			sourceTree = "<group>";
		};
		38FCA8BB1EB1C805005F6F0E /* LocationForecastCheck */ = {
			isa = PBXGroup;
			children = (
			);
			name = LocationForecastCheck;
			sourceTree = "<group>";
		};
		38FCA8BC1EB1C810005F6F0E /* LocationForecastCheck */ = {
			isa = PBXGroup;
			children = (
			);
			name = LocationForecastCheck;
			sourceTree = "<group>";
		};
		38FCA8BD1EB1C819005F6F0E /* LocationForecastCheck */ = {
			isa = PBXGroup;
			children = (
			);
			name = LocationForecastCheck;
			sourceTree = "<group>";
		};
		38FCA8BE1EB1C84F005F6F0E /* TemperatureConvertion */ = {
			isa = PBXGroup;
			children = (
			);
			name = TemperatureConvertion;
			sourceTree = "<group>";
		};
		38FCA8BF1EB1C895005F6F0E /* TemperatureConvertion */ = {
			isa = PBXGroup;
			children = (
			);
			name = TemperatureConvertion;
			sourceTree = "<group>";
		};
		38FCA8C01EB1C8A5005F6F0E /* TemperatureConvertion */ = {
			isa = PBXGroup;
			children = (
			);
			name = TemperatureConvertion;
			sourceTree = "<group>";
		};
		38FCA8C11EB1C8EF005F6F0E /* WeatherPicture */ = {
			isa = PBXGroup;
			children = (
			);
			name = WeatherPicture;
			sourceTree = "<group>";
		};
		38FCA8C21EB1C8FD005F6F0E /* WeatherPicture */ = {
			isa = PBXGroup;
			children = (
			);
			name = WeatherPicture;
			sourceTree = "<group>";
		};
		38FCA8C31EB1C907005F6F0E /* WeatherPicture */ = {
			isa = PBXGroup;
			children = (
			);
			name = WeatherPicture;
			sourceTree = "<group>";
		};
		38FCA8C41EB1C93B005F6F0E /* CustomiseScreen */ = {
			isa = PBXGroup;
			children = (
			);
			name = CustomiseScreen;
			sourceTree = "<group>";
		};
		38FCA8C51EB1C941005F6F0E /* CustomiseScreen */ = {
			isa = PBXGroup;
			children = (
			);
			name = CustomiseScreen;
			sourceTree = "<group>";
		};
		38FCA8C61EB1C946005F6F0E /* CustomiseScreen */ = {
			isa = PBXGroup;
			children = (
			);
			name = CustomiseScreen;
			sourceTree = "<group>";
		};
		38FCA8C71EB1C96F005F6F0E /* BadWeatherNotifications */ = {
			isa = PBXGroup;
			children = (
			);
			name = BadWeatherNotifications;
			sourceTree = "<group>";
		};
		38FCA8C81EB1C975005F6F0E /* BadWeatherNotifications */ = {
			isa = PBXGroup;
			children = (
			);
			name = BadWeatherNotifications;
			sourceTree = "<group>";
		};
		38FCA8C91EB1C97A005F6F0E /* BadWeatherNotifications */ = {
			isa = PBXGroup;
			children = (
			);
			name = BadWeatherNotifications;
			sourceTree = "<group>";
		};
		38FCA8CA1EB1C997005F6F0E /* WeatherCustomCity */ = {
			isa = PBXGroup;
			children = (
				3886343B1EB31F7C002095E5 /* CurrentWeatherCustomCity.swift */,
			);
			name = WeatherCustomCity;
			sourceTree = "<group>";
		};
		38FCA8CB1EB1C99D005F6F0E /* WeatherCustomCity */ = {
			isa = PBXGroup;
			children = (
			);
			name = WeatherCustomCity;
			sourceTree = "<group>";
		};
		38FCA8CC1EB1C9A4005F6F0E /* WeatherCustomCity */ = {
			isa = PBXGroup;
			children = (
			);
			name = WeatherCustomCity;
			sourceTree = "<group>";
		};
		38FCA8CD1EB1C9C2005F6F0E /* ForecastCustomCity */ = {
			isa = PBXGroup;
			children = (
			);
			name = ForecastCustomCity;
			sourceTree = "<group>";
		};
		38FCA8CE1EB1C9C8005F6F0E /* ForecastCustomCity */ = {
			isa = PBXGroup;
			children = (
			);
			name = ForecastCustomCity;
			sourceTree = "<group>";
		};
		38FCA8CF1EB1C9CD005F6F0E /* ForecastCustomCity */ = {
			isa = PBXGroup;
			children = (
			);
			name = ForecastCustomCity;
			sourceTree = "<group>";
		};
		38FCA8D01EB1C9EC005F6F0E /* NightMode */ = {
			isa = PBXGroup;
			children = (
			);
			name = NightMode;
			sourceTree = "<group>";
		};
		38FCA8D11EB1C9F0005F6F0E /* NightMode */ = {
			isa = PBXGroup;
			children = (
			);
			name = NightMode;
			sourceTree = "<group>";
		};
		38FCA8D21EB1C9F6005F6F0E /* NightMode */ = {
			isa = PBXGroup;
			children = (
			);
			name = NightMode;
			sourceTree = "<group>";
		};
		38FCA8D31EB1CA0D005F6F0E /* CustomNotifications */ = {
			isa = PBXGroup;
			children = (
			);
			name = CustomNotifications;
			sourceTree = "<group>";
		};
		38FCA8D41EB1CA12005F6F0E /* CustomNotifications */ = {
			isa = PBXGroup;
			children = (
			);
			name = CustomNotifications;
			sourceTree = "<group>";
		};
		38FCA8D51EB1CA16005F6F0E /* CustomNotifications */ = {
			isa = PBXGroup;
			children = (
			);
			name = CustomNotifications;
			sourceTree = "<group>";
		};
		38FCA8D61EB1CA2F005F6F0E /* CityListForecast */ = {
			isa = PBXGroup;
			children = (
			);
			name = CityListForecast;
			sourceTree = "<group>";
		};
		38FCA8D71EB1CA33005F6F0E /* CityListForecast */ = {
			isa = PBXGroup;
			children = (
			);
			name = CityListForecast;
			sourceTree = "<group>";
		};
		38FCA8D81EB1CA39005F6F0E /* CityListForecast */ = {
			isa = PBXGroup;
			children = (
			);
			name = CityListForecast;
			sourceTree = "<group>";
		};
		38FCA8D91EB1CA55005F6F0E /* CityListWeather */ = {
			isa = PBXGroup;
			children = (
			);
			name = CityListWeather;
			sourceTree = "<group>";
		};
		38FCA8DA1EB1CA59005F6F0E /* CityListWeather */ = {
			isa = PBXGroup;
			children = (
			);
			name = CityListWeather;
			sourceTree = "<group>";
		};
		38FCA8DB1EB1CA5F005F6F0E /* CityListWeather */ = {
			isa = PBXGroup;
			children = (
			);
			name = CityListWeather;
			sourceTree = "<group>";
		};
		38FCA8DC1EB1CA85005F6F0E /* CityListCompareWeather */ = {
			isa = PBXGroup;
			children = (
			);
			name = CityListCompareWeather;
			sourceTree = "<group>";
		};
		38FCA8DD1EB1CA8B005F6F0E /* CityListCompareWeather */ = {
			isa = PBXGroup;
			children = (
			);
			name = CityListCompareWeather;
			sourceTree = "<group>";
		};
		38FCA8DE1EB1CA8F005F6F0E /* CityListCompareWeather */ = {
			isa = PBXGroup;
			children = (
			);
			name = CityListCompareWeather;
			sourceTree = "<group>";
		};
		38FCA8DF1EB1CAA9005F6F0E /* BestWeatherCityList */ = {
			isa = PBXGroup;
			children = (
			);
			name = BestWeatherCityList;
			sourceTree = "<group>";
		};
		38FCA8E01EB1CAAE005F6F0E /* BestWeatherCityList */ = {
			isa = PBXGroup;
			children = (
			);
			name = BestWeatherCityList;
			sourceTree = "<group>";
		};
		38FCA8E11EB1CAB4005F6F0E /* BestWeatherCityList */ = {
			isa = PBXGroup;
			children = (
			);
			name = BestWeatherCityList;
			sourceTree = "<group>";
		};
		5749F2D69FA558AFF82B915C /* Pods */ = {
			isa = PBXGroup;
			children = (
				3A6BAB02C25289912906CD09 /* Pods-WeatherApp.debug.xcconfig */,
				C713E1036AF2F64545E2A004 /* Pods-WeatherApp.release.xcconfig */,
			);
			name = Pods;
			sourceTree = "<group>";
		};
/* End PBXGroup section */

/* Begin PBXNativeTarget section */
		38725E591EAF869100E2D2E3 /* WeatherApp */ = {
			isa = PBXNativeTarget;
			buildConfigurationList = 38725E6F1EAF869200E2D2E3 /* Build configuration list for PBXNativeTarget "WeatherApp" */;
			buildPhases = (
				9B58B3C95C7462E725AD1DF6 /* [CP] Check Pods Manifest.lock */,
				38725E561EAF869100E2D2E3 /* Sources */,
				38725E571EAF869100E2D2E3 /* Frameworks */,
				38725E581EAF869100E2D2E3 /* Resources */,
				A106BFEA971AB37D9BC6508A /* [CP] Embed Pods Frameworks */,
				E0A59A0C1A7AA4CD98281C05 /* [CP] Copy Pods Resources */,
			);
			buildRules = (
			);
			dependencies = (
			);
			name = WeatherApp;
			productName = WeatherApp;
			productReference = 38725E5A1EAF869100E2D2E3 /* WeatherApp.app */;
			productType = "com.apple.product-type.application";
		};
/* End PBXNativeTarget section */

/* Begin PBXProject section */
		38725E521EAF869100E2D2E3 /* Project object */ = {
			isa = PBXProject;
			attributes = {
				LastSwiftUpdateCheck = 0830;
				LastUpgradeCheck = 0830;
				ORGANIZATIONNAME = "Yevgen Berberyan";
				TargetAttributes = {
					38725E591EAF869100E2D2E3 = {
						CreatedOnToolsVersion = 8.3.2;
						ProvisioningStyle = Automatic;
					};
				};
			};
			buildConfigurationList = 38725E551EAF869100E2D2E3 /* Build configuration list for PBXProject "WeatherApp" */;
			compatibilityVersion = "Xcode 3.2";
			developmentRegion = English;
			hasScannedForEncodings = 0;
			knownRegions = (
				en,
				Base,
			);
			mainGroup = 38725E511EAF869100E2D2E3;
			productRefGroup = 38725E5B1EAF869100E2D2E3 /* Products */;
			projectDirPath = "";
			projectRoot = "";
			targets = (
				38725E591EAF869100E2D2E3 /* WeatherApp */,
			);
		};
/* End PBXProject section */

/* Begin PBXResourcesBuildPhase section */
		38725E581EAF869100E2D2E3 /* Resources */ = {
			isa = PBXResourcesBuildPhase;
			buildActionMask = 2147483647;
			files = (
				38725E6B1EAF869100E2D2E3 /* LaunchScreen.storyboard in Resources */,
				38725E681EAF869100E2D2E3 /* Assets.xcassets in Resources */,
				38725E631EAF869100E2D2E3 /* Main.storyboard in Resources */,
			);
			runOnlyForDeploymentPostprocessing = 0;
		};
/* End PBXResourcesBuildPhase section */

/* Begin PBXShellScriptBuildPhase section */
		9B58B3C95C7462E725AD1DF6 /* [CP] Check Pods Manifest.lock */ = {
			isa = PBXShellScriptBuildPhase;
			buildActionMask = 2147483647;
			files = (
			);
			inputPaths = (
			);
			name = "[CP] Check Pods Manifest.lock";
			outputPaths = (
			);
			runOnlyForDeploymentPostprocessing = 0;
			shellPath = /bin/sh;
			shellScript = "diff \"${PODS_PODFILE_DIR_PATH}/Podfile.lock\" \"${PODS_ROOT}/Manifest.lock\" > /dev/null\nif [ $? != 0 ] ; then\n    # print error to STDERR\n    echo \"error: The sandbox is not in sync with the Podfile.lock. Run 'pod install' or update your CocoaPods installation.\" >&2\n    exit 1\nfi\n";
			showEnvVarsInLog = 0;
		};
		A106BFEA971AB37D9BC6508A /* [CP] Embed Pods Frameworks */ = {
			isa = PBXShellScriptBuildPhase;
			buildActionMask = 2147483647;
			files = (
			);
			inputPaths = (
			);
			name = "[CP] Embed Pods Frameworks";
			outputPaths = (
			);
			runOnlyForDeploymentPostprocessing = 0;
			shellPath = /bin/sh;
			shellScript = "\"${SRCROOT}/Pods/Target Support Files/Pods-WeatherApp/Pods-WeatherApp-frameworks.sh\"\n";
			showEnvVarsInLog = 0;
		};
		E0A59A0C1A7AA4CD98281C05 /* [CP] Copy Pods Resources */ = {
			isa = PBXShellScriptBuildPhase;
			buildActionMask = 2147483647;
			files = (
			);
			inputPaths = (
			);
			name = "[CP] Copy Pods Resources";
			outputPaths = (
			);
			runOnlyForDeploymentPostprocessing = 0;
			shellPath = /bin/sh;
			shellScript = "\"${SRCROOT}/Pods/Target Support Files/Pods-WeatherApp/Pods-WeatherApp-resources.sh\"\n";
			showEnvVarsInLog = 0;
		};
/* End PBXShellScriptBuildPhase section */

/* Begin PBXSourcesBuildPhase section */
		38725E561EAF869100E2D2E3 /* Sources */ = {
			isa = PBXSourcesBuildPhase;
			buildActionMask = 2147483647;
			files = (
				383C86521EB0F85F0021F999 /* Temperature.swift in Sources */,
				383C86271EB0F0B60021F999 /* Settings+CoreDataClass.swift in Sources */,
				3886343C1EB31F7C002095E5 /* CurrentWeatherCustomCity.swift in Sources */,
				38ADA5671EB08D9700C85A90 /* WeatherApp.xcdatamodeld in Sources */,
				383C86541EB0F85F0021F999 /* Wind.swift in Sources */,
				388634381EB31EA4002095E5 /* OpenWeatherURL.swift in Sources */,
				383C86291EB0F0B60021F999 /* User+CoreDataClass.swift in Sources */,
				383C862A1EB0F0B60021F999 /* User+CoreDataProperties.swift in Sources */,
				383C862D1EB0F0B60021F999 /* City+CoreDataClass.swift in Sources */,
				383C864E1EB0F84B0021F999 /* CityModel.swift in Sources */,
				383C862C1EB0F0B60021F999 /* ExtremeWeather+CoreDataProperties.swift in Sources */,
				383C862E1EB0F0B60021F999 /* City+CoreDataProperties.swift in Sources */,
				383C86461EB0F76E0021F999 /* ExtremeWeatherModel.swift in Sources */,
				383C86281EB0F0B60021F999 /* Settings+CoreDataProperties.swift in Sources */,
				38725E601EAF869100E2D2E3 /* ViewController.swift in Sources */,
				38725E5E1EAF869100E2D2E3 /* AppDelegate.swift in Sources */,
				383C862B1EB0F0B60021F999 /* ExtremeWeather+CoreDataClass.swift in Sources */,
				383C86531EB0F85F0021F999 /* Weather.swift in Sources */,
				383C86491EB0F76E0021F999 /* UserModel.swift in Sources */,
				383C86471EB0F76E0021F999 /* SettingsModel.swift in Sources */,
				3886343A1EB31F0F002095E5 /* WeatherParser.swift in Sources */,
				386DD2EB1EB758B0001FFAD3 /* OpenWeatherResponseHandler.swift in Sources */,
			);
			runOnlyForDeploymentPostprocessing = 0;
		};
/* End PBXSourcesBuildPhase section */

/* Begin PBXVariantGroup section */
		38725E611EAF869100E2D2E3 /* Main.storyboard */ = {
			isa = PBXVariantGroup;
			children = (
				38725E621EAF869100E2D2E3 /* Base */,
			);
			name = Main.storyboard;
			sourceTree = "<group>";
		};
		38725E691EAF869100E2D2E3 /* LaunchScreen.storyboard */ = {
			isa = PBXVariantGroup;
			children = (
				38725E6A1EAF869100E2D2E3 /* Base */,
			);
			name = LaunchScreen.storyboard;
			sourceTree = "<group>";
		};
/* End PBXVariantGroup section */

/* Begin XCBuildConfiguration section */
		38725E6D1EAF869100E2D2E3 /* Debug */ = {
			isa = XCBuildConfiguration;
			buildSettings = {
				ALWAYS_SEARCH_USER_PATHS = NO;
				CLANG_ANALYZER_NONNULL = YES;
				CLANG_ANALYZER_NUMBER_OBJECT_CONVERSION = YES_AGGRESSIVE;
				CLANG_CXX_LANGUAGE_STANDARD = "gnu++0x";
				CLANG_CXX_LIBRARY = "libc++";
				CLANG_ENABLE_MODULES = YES;
				CLANG_ENABLE_OBJC_ARC = YES;
				CLANG_WARN_BOOL_CONVERSION = YES;
				CLANG_WARN_CONSTANT_CONVERSION = YES;
				CLANG_WARN_DIRECT_OBJC_ISA_USAGE = YES_ERROR;
				CLANG_WARN_DOCUMENTATION_COMMENTS = YES;
				CLANG_WARN_EMPTY_BODY = YES;
				CLANG_WARN_ENUM_CONVERSION = YES;
				CLANG_WARN_INFINITE_RECURSION = YES;
				CLANG_WARN_INT_CONVERSION = YES;
				CLANG_WARN_OBJC_ROOT_CLASS = YES_ERROR;
				CLANG_WARN_SUSPICIOUS_MOVE = YES;
				CLANG_WARN_UNREACHABLE_CODE = YES;
				CLANG_WARN__DUPLICATE_METHOD_MATCH = YES;
				"CODE_SIGN_IDENTITY[sdk=iphoneos*]" = "iPhone Developer";
				COPY_PHASE_STRIP = NO;
				DEBUG_INFORMATION_FORMAT = dwarf;
				ENABLE_STRICT_OBJC_MSGSEND = YES;
				ENABLE_TESTABILITY = YES;
				GCC_C_LANGUAGE_STANDARD = gnu99;
				GCC_DYNAMIC_NO_PIC = NO;
				GCC_NO_COMMON_BLOCKS = YES;
				GCC_OPTIMIZATION_LEVEL = 0;
				GCC_PREPROCESSOR_DEFINITIONS = (
					"DEBUG=1",
					"$(inherited)",
				);
				GCC_WARN_64_TO_32_BIT_CONVERSION = YES;
				GCC_WARN_ABOUT_RETURN_TYPE = YES_ERROR;
				GCC_WARN_UNDECLARED_SELECTOR = YES;
				GCC_WARN_UNINITIALIZED_AUTOS = YES_AGGRESSIVE;
				GCC_WARN_UNUSED_FUNCTION = YES;
				GCC_WARN_UNUSED_VARIABLE = YES;
				IPHONEOS_DEPLOYMENT_TARGET = 10.3;
				MTL_ENABLE_DEBUG_INFO = YES;
				ONLY_ACTIVE_ARCH = YES;
				SDKROOT = iphoneos;
				SWIFT_ACTIVE_COMPILATION_CONDITIONS = DEBUG;
				SWIFT_OPTIMIZATION_LEVEL = "-Onone";
				TARGETED_DEVICE_FAMILY = "1,2";
			};
			name = Debug;
		};
		38725E6E1EAF869100E2D2E3 /* Release */ = {
			isa = XCBuildConfiguration;
			buildSettings = {
				ALWAYS_SEARCH_USER_PATHS = NO;
				CLANG_ANALYZER_NONNULL = YES;
				CLANG_ANALYZER_NUMBER_OBJECT_CONVERSION = YES_AGGRESSIVE;
				CLANG_CXX_LANGUAGE_STANDARD = "gnu++0x";
				CLANG_CXX_LIBRARY = "libc++";
				CLANG_ENABLE_MODULES = YES;
				CLANG_ENABLE_OBJC_ARC = YES;
				CLANG_WARN_BOOL_CONVERSION = YES;
				CLANG_WARN_CONSTANT_CONVERSION = YES;
				CLANG_WARN_DIRECT_OBJC_ISA_USAGE = YES_ERROR;
				CLANG_WARN_DOCUMENTATION_COMMENTS = YES;
				CLANG_WARN_EMPTY_BODY = YES;
				CLANG_WARN_ENUM_CONVERSION = YES;
				CLANG_WARN_INFINITE_RECURSION = YES;
				CLANG_WARN_INT_CONVERSION = YES;
				CLANG_WARN_OBJC_ROOT_CLASS = YES_ERROR;
				CLANG_WARN_SUSPICIOUS_MOVE = YES;
				CLANG_WARN_UNREACHABLE_CODE = YES;
				CLANG_WARN__DUPLICATE_METHOD_MATCH = YES;
				"CODE_SIGN_IDENTITY[sdk=iphoneos*]" = "iPhone Developer";
				COPY_PHASE_STRIP = NO;
				DEBUG_INFORMATION_FORMAT = "dwarf-with-dsym";
				ENABLE_NS_ASSERTIONS = NO;
				ENABLE_STRICT_OBJC_MSGSEND = YES;
				GCC_C_LANGUAGE_STANDARD = gnu99;
				GCC_NO_COMMON_BLOCKS = YES;
				GCC_WARN_64_TO_32_BIT_CONVERSION = YES;
				GCC_WARN_ABOUT_RETURN_TYPE = YES_ERROR;
				GCC_WARN_UNDECLARED_SELECTOR = YES;
				GCC_WARN_UNINITIALIZED_AUTOS = YES_AGGRESSIVE;
				GCC_WARN_UNUSED_FUNCTION = YES;
				GCC_WARN_UNUSED_VARIABLE = YES;
				IPHONEOS_DEPLOYMENT_TARGET = 10.3;
				MTL_ENABLE_DEBUG_INFO = NO;
				SDKROOT = iphoneos;
				SWIFT_OPTIMIZATION_LEVEL = "-Owholemodule";
				TARGETED_DEVICE_FAMILY = "1,2";
				VALIDATE_PRODUCT = YES;
			};
			name = Release;
		};
		38725E701EAF869200E2D2E3 /* Debug */ = {
			isa = XCBuildConfiguration;
			baseConfigurationReference = 3A6BAB02C25289912906CD09 /* Pods-WeatherApp.debug.xcconfig */;
			buildSettings = {
				ASSETCATALOG_COMPILER_APPICON_NAME = AppIcon;
				INFOPLIST_FILE = WeatherApp/Info.plist;
				LD_RUNPATH_SEARCH_PATHS = "$(inherited) @executable_path/Frameworks";
				PRODUCT_BUNDLE_IDENTIFIER = com.berberyan.WeatherApp;
				PRODUCT_NAME = "$(TARGET_NAME)";
				SWIFT_VERSION = 3.0;
			};
			name = Debug;
		};
		38725E711EAF869200E2D2E3 /* Release */ = {
			isa = XCBuildConfiguration;
			baseConfigurationReference = C713E1036AF2F64545E2A004 /* Pods-WeatherApp.release.xcconfig */;
			buildSettings = {
				ASSETCATALOG_COMPILER_APPICON_NAME = AppIcon;
				INFOPLIST_FILE = WeatherApp/Info.plist;
				LD_RUNPATH_SEARCH_PATHS = "$(inherited) @executable_path/Frameworks";
				PRODUCT_BUNDLE_IDENTIFIER = com.berberyan.WeatherApp;
				PRODUCT_NAME = "$(TARGET_NAME)";
				SWIFT_VERSION = 3.0;
			};
			name = Release;
		};
/* End XCBuildConfiguration section */

/* Begin XCConfigurationList section */
		38725E551EAF869100E2D2E3 /* Build configuration list for PBXProject "WeatherApp" */ = {
			isa = XCConfigurationList;
			buildConfigurations = (
				38725E6D1EAF869100E2D2E3 /* Debug */,
				38725E6E1EAF869100E2D2E3 /* Release */,
			);
			defaultConfigurationIsVisible = 0;
			defaultConfigurationName = Release;
		};
		38725E6F1EAF869200E2D2E3 /* Build configuration list for PBXNativeTarget "WeatherApp" */ = {
			isa = XCConfigurationList;
			buildConfigurations = (
				38725E701EAF869200E2D2E3 /* Debug */,
				38725E711EAF869200E2D2E3 /* Release */,
			);
			defaultConfigurationIsVisible = 0;
			defaultConfigurationName = Release;
		};
/* End XCConfigurationList section */

/* Begin XCVersionGroup section */
		38ADA5651EB08D9700C85A90 /* WeatherApp.xcdatamodeld */ = {
			isa = XCVersionGroup;
			children = (
				38ADA5661EB08D9700C85A90 /* WeatherApp.xcdatamodel */,
			);
			currentVersion = 38ADA5661EB08D9700C85A90 /* WeatherApp.xcdatamodel */;
			path = WeatherApp.xcdatamodeld;
			sourceTree = "<group>";
			versionGroupType = wrapper.xcdatamodel;
		};
/* End XCVersionGroup section */
	};
	rootObject = 38725E521EAF869100E2D2E3 /* Project object */;
}
